
Microsoft Visual Studio Solution File, Format Version 12.00
# Visual Studio Version 17
VisualStudioVersion = 17.13.35919.96
MinimumVisualStudioVersion = 10.0.40219.1
Project("{FAE04EC0-301F-11D3-BF4B-00C04F79EFBC}") = "BookStoreApp", "BookStoreApp\BookStoreApp.csproj", "{39D3EC95-65B4-4A71-8633-B0EAD0215BD2}"
EndProject
Global
	GlobalSection(SolutionConfigurationPlatforms) = preSolution
		Debug|Any CPU = Debug|Any CPU
		Release|Any CPU = Release|Any CPU
	EndGlobalSection
	GlobalSection(ProjectConfigurationPlatforms) = postSolution
		{39D3EC95-65B4-4A71-8633-B0EAD0215BD2}.Debug|Any CPU.ActiveCfg = Debug|Any CPU
		{39D3EC95-65B4-4A71-8633-B0EAD0215BD2}.Debug|Any CPU.Build.0 = Debug|Any CPU
		{39D3EC95-65B4-4A71-8633-B0EAD0215BD2}.Release|Any CPU.ActiveCfg = Release|Any CPU
		{39D3EC95-65B4-4A71-8633-B0EAD0215BD2}.Release|Any CPU.Build.0 = Release|Any CPU
	EndGlobalSection
	GlobalSection(SolutionProperties) = preSolution
		HideSolutionNode = FALSE
	EndGlobalSection
	GlobalSection(ExtensibilityGlobals) = postSolution
		SolutionGuid = {E1242C7D-155C-4AE1-8907-D026FC329A32}
	EndGlobalSection
EndGlobal
